{
  "originHash" : "3b26c38fcb63828ff5de1d47a9a60c6a6bcebec9f3a36a3a5da7dd83a3f23e3a",
  "pins" : [
    {
      "identity" : "ml-stable-diffusion",
      "kind" : "remoteSourceControl",
      "location" : "https://github.com/apple/ml-stable-diffusion.git",
      "state" : {
        "revision" : "5a170d29cf38e674b80541d7ce22929c6a11cdde",
        "version" : "1.1.1"
      }
    },
    {
      "identity" : "purchases-ios-spm",
      "kind" : "remoteSourceControl",
      "location" : "https://github.com/RevenueCat/purchases-ios-spm.git",
      "state" : {
        "revision" : "828a464d12ff8fe4f633ef1b0116e76fd2a1e462",
        "version" : "5.59.2"
      }
    },
    {
      "identity" : "swift-argument-parser",
      "kind" : "remoteSourceControl",
      "location" : "https://github.com/apple/swift-argument-parser.git",
      "state" : {
        "revision" : "c5d11a805e765f52ba34ec7284bd4fcd6ba68615",
        "version" : "1.7.0"
      }
    }
  ],
  "version" : 3
}
